
Microsoft Visual Studio Solution File, Format Version 12.00
# Visual Studio 14
VisualStudioVersion = 14.0.23107.0
MinimumVisualStudioVersion = 10.0.40219.1
Project("{FAE04EC0-301F-11D3-BF4B-00C04F79EFBC}") = "Errlock", "Errlock\Errlock.csproj", "{B4A700EF-3E06-4E7C-8FEB-AA14A276D2CC}"
EndProject
Project("{FAE04EC0-301F-11D3-BF4B-00C04F79EFBC}") = "Errlock.Console", "Errlock.Console\Errlock.Console.csproj", "{49809FDF-91E3-4CBC-B675-380478AA6411}"
EndProject
Project("{FAE04EC0-301F-11D3-BF4B-00C04F79EFBC}") = "Errlock.Lib", "Errlock.Lib\Errlock.Lib.csproj", "{18592F34-BE07-4BAF-A643-EF45F0433313}"
EndProject
Project("{FAE04EC0-301F-11D3-BF4B-00C04F79EFBC}") = "Errlock.Resources", "Errlock.Resources\Errlock.Resources.csproj", "{9D294B8D-48B6-488B-9434-F55399DA4C44}"
EndProject
Project("{2150E333-8FDC-42A3-9474-1A3956D46DE8}") = ".nuget", ".nuget", "{6FF36EC1-236A-442A-B5C8-2D7C72E02756}"
	ProjectSection(SolutionItems) = preProject
		.nuget\NuGet.Config = .nuget\NuGet.Config
		.nuget\NuGet.exe = .nuget\NuGet.exe
		.nuget\NuGet.targets = .nuget\NuGet.targets
	EndProjectSection
EndProject
Global
	GlobalSection(SolutionConfigurationPlatforms) = preSolution
		Debug|Any CPU = Debug|Any CPU
		Release|Any CPU = Release|Any CPU
	EndGlobalSection
	GlobalSection(ProjectConfigurationPlatforms) = postSolution
		{B4A700EF-3E06-4E7C-8FEB-AA14A276D2CC}.Debug|Any CPU.ActiveCfg = Debug|Any CPU
		{B4A700EF-3E06-4E7C-8FEB-AA14A276D2CC}.Debug|Any CPU.Build.0 = Debug|Any CPU
		{B4A700EF-3E06-4E7C-8FEB-AA14A276D2CC}.Release|Any CPU.ActiveCfg = Release|Any CPU
		{B4A700EF-3E06-4E7C-8FEB-AA14A276D2CC}.Release|Any CPU.Build.0 = Release|Any CPU
		{49809FDF-91E3-4CBC-B675-380478AA6411}.Debug|Any CPU.ActiveCfg = Debug|Any CPU
		{49809FDF-91E3-4CBC-B675-380478AA6411}.Debug|Any CPU.Build.0 = Debug|Any CPU
		{49809FDF-91E3-4CBC-B675-380478AA6411}.Release|Any CPU.ActiveCfg = Release|Any CPU
		{49809FDF-91E3-4CBC-B675-380478AA6411}.Release|Any CPU.Build.0 = Release|Any CPU
		{18592F34-BE07-4BAF-A643-EF45F0433313}.Debug|Any CPU.ActiveCfg = Debug|Any CPU
		{18592F34-BE07-4BAF-A643-EF45F0433313}.Debug|Any CPU.Build.0 = Debug|Any CPU
		{18592F34-BE07-4BAF-A643-EF45F0433313}.Release|Any CPU.ActiveCfg = Release|Any CPU
		{18592F34-BE07-4BAF-A643-EF45F0433313}.Release|Any CPU.Build.0 = Release|Any CPU
		{9D294B8D-48B6-488B-9434-F55399DA4C44}.Debug|Any CPU.ActiveCfg = Debug|Any CPU
		{9D294B8D-48B6-488B-9434-F55399DA4C44}.Debug|Any CPU.Build.0 = Debug|Any CPU
		{9D294B8D-48B6-488B-9434-F55399DA4C44}.Release|Any CPU.ActiveCfg = Release|Any CPU
		{9D294B8D-48B6-488B-9434-F55399DA4C44}.Release|Any CPU.Build.0 = Release|Any CPU
	EndGlobalSection
	GlobalSection(SolutionProperties) = preSolution
		HideSolutionNode = FALSE
	EndGlobalSection
EndGlobal
